
Microsoft Visual Studio Solution File, Format Version 12.00
# Visual Studio Version 16
VisualStudioVersion = 16.0.32002.261
MinimumVisualStudioVersion = 10.0.40219.1
Project("{FAE04EC0-301F-11D3-BF4B-00C04F79EFBC}") = "ConsoleScreen", "ConsoleScreen.csproj", "{EF6FF381-C97D-4D64-A1A4-143A678B0D95}"
EndProject
Global
	GlobalSection(SolutionConfigurationPlatforms) = preSolution
		Debug|Any CPU = Debug|Any CPU
		Release|Any CPU = Release|Any CPU
	EndGlobalSection
	GlobalSection(ProjectConfigurationPlatforms) = postSolution
		{EF6FF381-C97D-4D64-A1A4-143A678B0D95}.Debug|Any CPU.ActiveCfg = Debug|Any CPU
		{EF6FF381-C97D-4D64-A1A4-143A678B0D95}.Debug|Any CPU.Build.0 = Debug|Any CPU
		{EF6FF381-C97D-4D64-A1A4-143A678B0D95}.Release|Any CPU.ActiveCfg = Release|Any CPU
		{EF6FF381-C97D-4D64-A1A4-143A678B0D95}.Release|Any CPU.Build.0 = Release|Any CPU
	EndGlobalSection
	GlobalSection(SolutionProperties) = preSolution
		HideSolutionNode = FALSE
	EndGlobalSection
	GlobalSection(ExtensibilityGlobals) = postSolution
		SolutionGuid = {B3EE86D4-5C15-4B9A-B7EF-F5421B657A2E}
	EndGlobalSection
EndGlobal
